
Microsoft Visual Studio Solution File, Format Version 12.00
# Visual Studio Version 17
VisualStudioVersion = 17.13.35806.99 d17.13
MinimumVisualStudioVersion = 10.0.40219.1
Project("{FAE04EC0-301F-11D3-BF4B-00C04F79EFBC}") = "7", "7\7.csproj", "{15F74671-44A3-430A-BE27-3044FDADAD1C}"
EndProject
Global
	GlobalSection(SolutionConfigurationPlatforms) = preSolution
		Debug|Any CPU = Debug|Any CPU
		Release|Any CPU = Release|Any CPU
	EndGlobalSection
	GlobalSection(ProjectConfigurationPlatforms) = postSolution
		{15F74671-44A3-430A-BE27-3044FDADAD1C}.Debug|Any CPU.ActiveCfg = Debug|Any CPU
		{15F74671-44A3-430A-BE27-3044FDADAD1C}.Debug|Any CPU.Build.0 = Debug|Any CPU
		{15F74671-44A3-430A-BE27-3044FDADAD1C}.Release|Any CPU.ActiveCfg = Release|Any CPU
		{15F74671-44A3-430A-BE27-3044FDADAD1C}.Release|Any CPU.Build.0 = Release|Any CPU
	EndGlobalSection
	GlobalSection(SolutionProperties) = preSolution
		HideSolutionNode = FALSE
	EndGlobalSection
	GlobalSection(ExtensibilityGlobals) = postSolution
		SolutionGuid = {051F46F2-45C4-40A9-B2DE-05B4EEF866F5}
	EndGlobalSection
EndGlobal
